Microsoft Visual Studio Solution File, Format Version 12.00
# Visual Studio 2013
VisualStudioVersion = 12.0.21005.1
MinimumVisualStudioVersion = 10.0.40219.1
Project("{FAE04EC0-301F-11D3-BF4B-00C04F79EFBC}") = "NewsComponents", "NewsComponents\NewsComponents.csproj", "{9FE2BCC6-DEF9-478B-8A1C-B31836EE6BE4}"
EndProject
Project("{FAE04EC0-301F-11D3-BF4B-00C04F79EFBC}") = "MailThis", "RssBandit\plugins\MailThis\MailThis.csproj", "{0FE0B444-A9FD-4077-9E35-8E76B420A37C}"
EndProject
Project("{FAE04EC0-301F-11D3-BF4B-00C04F79EFBC}") = "Delicious", "RssBandit\plugins\Delicious\Delicious.csproj", "{48E8CBD5-9F06-4540-9E5B-20D3CDFD8551}"
EndProject
Project("{FAE04EC0-301F-11D3-BF4B-00C04F79EFBC}") = "RssBandit.AppServices", "RssBandit.AppServices\RssBandit.AppServices.csproj", "{5C79195B-AD8E-45B7-B405-AD32E6BF55B0}"
EndProject
Project("{FAE04EC0-301F-11D3-BF4B-00C04F79EFBC}") = "BlogThis.LiveWriter", "RssBandit\plugins\BlogThis.LiveWriter\BlogThis.LiveWriter.csproj", "{027DC860-D691-40F3-946F-5976525E1F59}"
EndProject
Project("{FAE04EC0-301F-11D3-BF4B-00C04F79EFBC}") = "Twitter", "RssBandit\plugins\Twitter\Twitter.csproj", "{E401C224-26A9-47E1-9CBE-804D8FB3ABE0}"
EndProject
Project("{FAE04EC0-301F-11D3-BF4B-00C04F79EFBC}") = "OneNote", "RssBandit\plugins\OneNote\OneNote.csproj", "{BA2ADD22-E076-48C9-8DA1-1811DB230169}"
EndProject
Project("{FAE04EC0-301F-11D3-BF4B-00C04F79EFBC}") = "AdsBlocker2.AddIn", "AddIn\AdsBlocker\AdsBlocker2.AddIn.csproj", "{E0DCA353-A72C-467F-AEB6-E81230185475}"
EndProject
Project("{FAE04EC0-301F-11D3-BF4B-00C04F79EFBC}") = "RssBandit", "RssBandit\RssBandit.csproj", "{68909A87-203D-4DF1-84F9-151EBE7CA15C}"
EndProject
Project("{FAE04EC0-301F-11D3-BF4B-00C04F79EFBC}") = "NewsComponents.UnitTests", "NewsComponents.UnitTests\NewsComponents.UnitTests.csproj", "{CF51024A-DEA3-4D04-9D84-6CC2A27C78B2}"
EndProject
Project("{FAE04EC0-301F-11D3-BF4B-00C04F79EFBC}") = "RssBandit.UnitTests", "RssBandit.UnitTests\RssBandit.UnitTests.csproj", "{4E99B96D-9389-4762-A69A-0F1DD3761DAA}"
EndProject
Global
	GlobalSection(SolutionConfigurationPlatforms) = preSolution
		Debug|Any CPU = Debug|Any CPU
		Debug|Mixed Platforms = Debug|Mixed Platforms
		Debug|x64 = Debug|x64
		Debug|x86 = Debug|x86
		Debug-AltPath|Any CPU = Debug-AltPath|Any CPU
		Debug-AltPath|Mixed Platforms = Debug-AltPath|Mixed Platforms
		Debug-AltPath|x64 = Debug-AltPath|x64
		Debug-AltPath|x86 = Debug-AltPath|x86
		Release|Any CPU = Release|Any CPU
		Release|Mixed Platforms = Release|Mixed Platforms
		Release|x64 = Release|x64
		Release|x86 = Release|x86
		ReleaseSetupx64|Any CPU = ReleaseSetupx64|Any CPU
		ReleaseSetupx64|Mixed Platforms = ReleaseSetupx64|Mixed Platforms
		ReleaseSetupx64|x64 = ReleaseSetupx64|x64
		ReleaseSetupx64|x86 = ReleaseSetupx64|x86
		ReleaseSetupx86|Any CPU = ReleaseSetupx86|Any CPU
		ReleaseSetupx86|Mixed Platforms = ReleaseSetupx86|Mixed Platforms
		ReleaseSetupx86|x64 = ReleaseSetupx86|x64
		ReleaseSetupx86|x86 = ReleaseSetupx86|x86
	EndGlobalSection
	GlobalSection(ProjectConfigurationPlatforms) = postSolution
		{9FE2BCC6-DEF9-478B-8A1C-B31836EE6BE4}.Debug|Any CPU.ActiveCfg = Debug|Any CPU
		{9FE2BCC6-DEF9-478B-8A1C-B31836EE6BE4}.Debug|Any CPU.Build.0 = Debug|Any CPU
		{9FE2BCC6-DEF9-478B-8A1C-B31836EE6BE4}.Debug|Mixed Platforms.ActiveCfg = Debug|x86
		{9FE2BCC6-DEF9-478B-8A1C-B31836EE6BE4}.Debug|Mixed Platforms.Build.0 = Debug|x86
		{9FE2BCC6-DEF9-478B-8A1C-B31836EE6BE4}.Debug|x64.ActiveCfg = Debug|Any CPU
		{9FE2BCC6-DEF9-478B-8A1C-B31836EE6BE4}.Debug|x64.Build.0 = Debug|Any CPU
		{9FE2BCC6-DEF9-478B-8A1C-B31836EE6BE4}.Debug|x86.ActiveCfg = Debug|Any CPU
		{9FE2BCC6-DEF9-478B-8A1C-B31836EE6BE4}.Debug|x86.Build.0 = Debug|Any CPU
		{9FE2BCC6-DEF9-478B-8A1C-B31836EE6BE4}.Debug-AltPath|Any CPU.ActiveCfg = Debug|Any CPU
		{9FE2BCC6-DEF9-478B-8A1C-B31836EE6BE4}.Debug-AltPath|Any CPU.Build.0 = Debug|Any CPU
		{9FE2BCC6-DEF9-478B-8A1C-B31836EE6BE4}.Debug-AltPath|Mixed Platforms.ActiveCfg = Debug|x86
		{9FE2BCC6-DEF9-478B-8A1C-B31836EE6BE4}.Debug-AltPath|Mixed Platforms.Build.0 = Debug|x86
		{9FE2BCC6-DEF9-478B-8A1C-B31836EE6BE4}.Debug-AltPath|x64.ActiveCfg = Debug|Any CPU
		{9FE2BCC6-DEF9-478B-8A1C-B31836EE6BE4}.Debug-AltPath|x64.Build.0 = Debug|Any CPU
		{9FE2BCC6-DEF9-478B-8A1C-B31836EE6BE4}.Debug-AltPath|x86.ActiveCfg = Debug|x86
		{9FE2BCC6-DEF9-478B-8A1C-B31836EE6BE4}.Debug-AltPath|x86.Build.0 = Debug|x86
		{9FE2BCC6-DEF9-478B-8A1C-B31836EE6BE4}.Release|Any CPU.ActiveCfg = Release|Any CPU
		{9FE2BCC6-DEF9-478B-8A1C-B31836EE6BE4}.Release|Any CPU.Build.0 = Release|Any CPU
		{9FE2BCC6-DEF9-478B-8A1C-B31836EE6BE4}.Release|Mixed Platforms.ActiveCfg = Release|x86
		{9FE2BCC6-DEF9-478B-8A1C-B31836EE6BE4}.Release|Mixed Platforms.Build.0 = Release|x86
		{9FE2BCC6-DEF9-478B-8A1C-B31836EE6BE4}.Release|x64.ActiveCfg = Release|Any CPU
		{9FE2BCC6-DEF9-478B-8A1C-B31836EE6BE4}.Release|x64.Build.0 = Release|Any CPU
		{9FE2BCC6-DEF9-478B-8A1C-B31836EE6BE4}.Release|x86.ActiveCfg = Release|Any CPU
		{9FE2BCC6-DEF9-478B-8A1C-B31836EE6BE4}.Release|x86.Build.0 = Release|Any CPU
		{9FE2BCC6-DEF9-478B-8A1C-B31836EE6BE4}.ReleaseSetupx64|Any CPU.ActiveCfg = Release|Any CPU
		{9FE2BCC6-DEF9-478B-8A1C-B31836EE6BE4}.ReleaseSetupx64|Any CPU.Build.0 = Release|Any CPU
		{9FE2BCC6-DEF9-478B-8A1C-B31836EE6BE4}.ReleaseSetupx64|Mixed Platforms.ActiveCfg = Release|x86
		{9FE2BCC6-DEF9-478B-8A1C-B31836EE6BE4}.ReleaseSetupx64|Mixed Platforms.Build.0 = Release|x86
		{9FE2BCC6-DEF9-478B-8A1C-B31836EE6BE4}.ReleaseSetupx64|x64.ActiveCfg = Release|Any CPU
		{9FE2BCC6-DEF9-478B-8A1C-B31836EE6BE4}.ReleaseSetupx64|x64.Build.0 = Release|Any CPU
		{9FE2BCC6-DEF9-478B-8A1C-B31836EE6BE4}.ReleaseSetupx64|x86.ActiveCfg = Release|x86
		{9FE2BCC6-DEF9-478B-8A1C-B31836EE6BE4}.ReleaseSetupx64|x86.Build.0 = Release|x86
		{9FE2BCC6-DEF9-478B-8A1C-B31836EE6BE4}.ReleaseSetupx86|Any CPU.ActiveCfg = Release|Any CPU
		{9FE2BCC6-DEF9-478B-8A1C-B31836EE6BE4}.ReleaseSetupx86|Any CPU.Build.0 = Release|Any CPU
		{9FE2BCC6-DEF9-478B-8A1C-B31836EE6BE4}.ReleaseSetupx86|Mixed Platforms.ActiveCfg = Release|x86
		{9FE2BCC6-DEF9-478B-8A1C-B31836EE6BE4}.ReleaseSetupx86|Mixed Platforms.Build.0 = Release|x86
		{9FE2BCC6-DEF9-478B-8A1C-B31836EE6BE4}.ReleaseSetupx86|x64.ActiveCfg = Release|Any CPU
		{9FE2BCC6-DEF9-478B-8A1C-B31836EE6BE4}.ReleaseSetupx86|x64.Build.0 = Release|Any CPU
		{9FE2BCC6-DEF9-478B-8A1C-B31836EE6BE4}.ReleaseSetupx86|x86.ActiveCfg = Release|Any CPU
		{9FE2BCC6-DEF9-478B-8A1C-B31836EE6BE4}.ReleaseSetupx86|x86.Build.0 = Release|Any CPU
		{0FE0B444-A9FD-4077-9E35-8E76B420A37C}.Debug|Any CPU.ActiveCfg = Debug|Any CPU
		{0FE0B444-A9FD-4077-9E35-8E76B420A37C}.Debug|Any CPU.Build.0 = Debug|Any CPU
		{0FE0B444-A9FD-4077-9E35-8E76B420A37C}.Debug|Mixed Platforms.ActiveCfg = Debug|x86
		{0FE0B444-A9FD-4077-9E35-8E76B420A37C}.Debug|Mixed Platforms.Build.0 = Debug|x86
		{0FE0B444-A9FD-4077-9E35-8E76B420A37C}.Debug|x64.ActiveCfg = Debug|Any CPU
		{0FE0B444-A9FD-4077-9E35-8E76B420A37C}.Debug|x64.Build.0 = Debug|Any CPU
		{0FE0B444-A9FD-4077-9E35-8E76B420A37C}.Debug|x86.ActiveCfg = Debug|Any CPU
		{0FE0B444-A9FD-4077-9E35-8E76B420A37C}.Debug|x86.Build.0 = Debug|Any CPU
		{0FE0B444-A9FD-4077-9E35-8E76B420A37C}.Debug-AltPath|Any CPU.ActiveCfg = Debug|Any CPU
		{0FE0B444-A9FD-4077-9E35-8E76B420A37C}.Debug-AltPath|Any CPU.Build.0 = Debug|Any CPU
		{0FE0B444-A9FD-4077-9E35-8E76B420A37C}.Debug-AltPath|Mixed Platforms.ActiveCfg = Debug|x86
		{0FE0B444-A9FD-4077-9E35-8E76B420A37C}.Debug-AltPath|Mixed Platforms.Build.0 = Debug|x86
		{0FE0B444-A9FD-4077-9E35-8E76B420A37C}.Debug-AltPath|x64.ActiveCfg = Debug|Any CPU
		{0FE0B444-A9FD-4077-9E35-8E76B420A37C}.Debug-AltPath|x64.Build.0 = Debug|Any CPU
		{0FE0B444-A9FD-4077-9E35-8E76B420A37C}.Debug-AltPath|x86.ActiveCfg = Debug|x86
		{0FE0B444-A9FD-4077-9E35-8E76B420A37C}.Debug-AltPath|x86.Build.0 = Debug|x86
		{0FE0B444-A9FD-4077-9E35-8E76B420A37C}.Release|Any CPU.ActiveCfg = Release|Any CPU
		{0FE0B444-A9FD-4077-9E35-8E76B420A37C}.Release|Any CPU.Build.0 = Release|Any CPU
		{0FE0B444-A9FD-4077-9E35-8E76B420A37C}.Release|Mixed Platforms.ActiveCfg = Release|x86
		{0FE0B444-A9FD-4077-9E35-8E76B420A37C}.Release|Mixed Platforms.Build.0 = Release|x86
		{0FE0B444-A9FD-4077-9E35-8E76B420A37C}.Release|x64.ActiveCfg = Release|Any CPU
		{0FE0B444-A9FD-4077-9E35-8E76B420A37C}.Release|x64.Build.0 = Release|Any CPU
		{0FE0B444-A9FD-4077-9E35-8E76B420A37C}.Release|x86.ActiveCfg = Release|Any CPU
		{0FE0B444-A9FD-4077-9E35-8E76B420A37C}.Release|x86.Build.0 = Release|Any CPU
		{0FE0B444-A9FD-4077-9E35-8E76B420A37C}.ReleaseSetupx64|Any CPU.ActiveCfg = Release|Any CPU
		{0FE0B444-A9FD-4077-9E35-8E76B420A37C}.ReleaseSetupx64|Any CPU.Build.0 = Release|Any CPU
		{0FE0B444-A9FD-4077-9E35-8E76B420A37C}.ReleaseSetupx64|Mixed Platforms.ActiveCfg = Release|x86
		{0FE0B444-A9FD-4077-9E35-8E76B420A37C}.ReleaseSetupx64|Mixed Platforms.Build.0 = Release|x86
		{0FE0B444-A9FD-4077-9E35-8E76B420A37C}.ReleaseSetupx64|x64.ActiveCfg = Release|Any CPU
		{0FE0B444-A9FD-4077-9E35-8E76B420A37C}.ReleaseSetupx64|x64.Build.0 = Release|Any CPU
		{0FE0B444-A9FD-4077-9E35-8E76B420A37C}.ReleaseSetupx64|x86.ActiveCfg = Release|x86
		{0FE0B444-A9FD-4077-9E35-8E76B420A37C}.ReleaseSetupx64|x86.Build.0 = Release|x86
		{0FE0B444-A9FD-4077-9E35-8E76B420A37C}.ReleaseSetupx86|Any CPU.ActiveCfg = Release|Any CPU
		{0FE0B444-A9FD-4077-9E35-8E76B420A37C}.ReleaseSetupx86|Any CPU.Build.0 = Release|Any CPU
		{0FE0B444-A9FD-4077-9E35-8E76B420A37C}.ReleaseSetupx86|Mixed Platforms.ActiveCfg = Release|x86
		{0FE0B444-A9FD-4077-9E35-8E76B420A37C}.ReleaseSetupx86|Mixed Platforms.Build.0 = Release|x86
		{0FE0B444-A9FD-4077-9E35-8E76B420A37C}.ReleaseSetupx86|x64.ActiveCfg = Release|Any CPU
		{0FE0B444-A9FD-4077-9E35-8E76B420A37C}.ReleaseSetupx86|x64.Build.0 = Release|Any CPU
		{0FE0B444-A9FD-4077-9E35-8E76B420A37C}.ReleaseSetupx86|x86.ActiveCfg = Release|Any CPU
		{0FE0B444-A9FD-4077-9E35-8E76B420A37C}.ReleaseSetupx86|x86.Build.0 = Release|Any CPU
		{48E8CBD5-9F06-4540-9E5B-20D3CDFD8551}.Debug|Any CPU.ActiveCfg = Debug|Any CPU
		{48E8CBD5-9F06-4540-9E5B-20D3CDFD8551}.Debug|Any CPU.Build.0 = Debug|Any CPU
		{48E8CBD5-9F06-4540-9E5B-20D3CDFD8551}.Debug|Mixed Platforms.ActiveCfg = Debug|x86
		{48E8CBD5-9F06-4540-9E5B-20D3CDFD8551}.Debug|Mixed Platforms.Build.0 = Debug|x86
		{48E8CBD5-9F06-4540-9E5B-20D3CDFD8551}.Debug|x64.ActiveCfg = Debug|Any CPU
		{48E8CBD5-9F06-4540-9E5B-20D3CDFD8551}.Debug|x64.Build.0 = Debug|Any CPU
		{48E8CBD5-9F06-4540-9E5B-20D3CDFD8551}.Debug|x86.ActiveCfg = Debug|Any CPU
		{48E8CBD5-9F06-4540-9E5B-20D3CDFD8551}.Debug|x86.Build.0 = Debug|Any CPU
		{48E8CBD5-9F06-4540-9E5B-20D3CDFD8551}.Debug-AltPath|Any CPU.ActiveCfg = Debug|Any CPU
		{48E8CBD5-9F06-4540-9E5B-20D3CDFD8551}.Debug-AltPath|Any CPU.Build.0 = Debug|Any CPU
		{48E8CBD5-9F06-4540-9E5B-20D3CDFD8551}.Debug-AltPath|Mixed Platforms.ActiveCfg = Debug|x86
		{48E8CBD5-9F06-4540-9E5B-20D3CDFD8551}.Debug-AltPath|Mixed Platforms.Build.0 = Debug|x86
		{48E8CBD5-9F06-4540-9E5B-20D3CDFD8551}.Debug-AltPath|x64.ActiveCfg = Debug|Any CPU
		{48E8CBD5-9F06-4540-9E5B-20D3CDFD8551}.Debug-AltPath|x64.Build.0 = Debug|Any CPU
		{48E8CBD5-9F06-4540-9E5B-20D3CDFD8551}.Debug-AltPath|x86.ActiveCfg = Debug|x86
		{48E8CBD5-9F06-4540-9E5B-20D3CDFD8551}.Debug-AltPath|x86.Build.0 = Debug|x86
		{48E8CBD5-9F06-4540-9E5B-20D3CDFD8551}.Release|Any CPU.ActiveCfg = Release|Any CPU
		{48E8CBD5-9F06-4540-9E5B-20D3CDFD8551}.Release|Any CPU.Build.0 = Release|Any CPU
		{48E8CBD5-9F06-4540-9E5B-20D3CDFD8551}.Release|Mixed Platforms.ActiveCfg = Release|x86
		{48E8CBD5-9F06-4540-9E5B-20D3CDFD8551}.Release|Mixed Platforms.Build.0 = Release|x86
		{48E8CBD5-9F06-4540-9E5B-20D3CDFD8551}.Release|x64.ActiveCfg = Release|Any CPU
		{48E8CBD5-9F06-4540-9E5B-20D3CDFD8551}.Release|x64.Build.0 = Release|Any CPU
		{48E8CBD5-9F06-4540-9E5B-20D3CDFD8551}.Release|x86.ActiveCfg = Release|Any CPU
		{48E8CBD5-9F06-4540-9E5B-20D3CDFD8551}.Release|x86.Build.0 = Release|Any CPU
		{48E8CBD5-9F06-4540-9E5B-20D3CDFD8551}.ReleaseSetupx64|Any CPU.ActiveCfg = Release|Any CPU
		{48E8CBD5-9F06-4540-9E5B-20D3CDFD8551}.ReleaseSetupx64|Any CPU.Build.0 = Release|Any CPU
		{48E8CBD5-9F06-4540-9E5B-20D3CDFD8551}.ReleaseSetupx64|Mixed Platforms.ActiveCfg = Release|x86
		{48E8CBD5-9F06-4540-9E5B-20D3CDFD8551}.ReleaseSetupx64|Mixed Platforms.Build.0 = Release|x86
		{48E8CBD5-9F06-4540-9E5B-20D3CDFD8551}.ReleaseSetupx64|x64.ActiveCfg = Release|Any CPU
		{48E8CBD5-9F06-4540-9E5B-20D3CDFD8551}.ReleaseSetupx64|x64.Build.0 = Release|Any CPU
		{48E8CBD5-9F06-4540-9E5B-20D3CDFD8551}.ReleaseSetupx64|x86.ActiveCfg = Release|x86
		{48E8CBD5-9F06-4540-9E5B-20D3CDFD8551}.ReleaseSetupx64|x86.Build.0 = Release|x86
		{48E8CBD5-9F06-4540-9E5B-20D3CDFD8551}.ReleaseSetupx86|Any CPU.ActiveCfg = Release|Any CPU
		{48E8CBD5-9F06-4540-9E5B-20D3CDFD8551}.ReleaseSetupx86|Any CPU.Build.0 = Release|Any CPU
		{48E8CBD5-9F06-4540-9E5B-20D3CDFD8551}.ReleaseSetupx86|Mixed Platforms.ActiveCfg = Release|x86
		{48E8CBD5-9F06-4540-9E5B-20D3CDFD8551}.ReleaseSetupx86|Mixed Platforms.Build.0 = Release|x86
		{48E8CBD5-9F06-4540-9E5B-20D3CDFD8551}.ReleaseSetupx86|x64.ActiveCfg = Release|Any CPU
		{48E8CBD5-9F06-4540-9E5B-20D3CDFD8551}.ReleaseSetupx86|x64.Build.0 = Release|Any CPU
		{48E8CBD5-9F06-4540-9E5B-20D3CDFD8551}.ReleaseSetupx86|x86.ActiveCfg = Release|Any CPU
		{48E8CBD5-9F06-4540-9E5B-20D3CDFD8551}.ReleaseSetupx86|x86.Build.0 = Release|Any CPU
		{5C79195B-AD8E-45B7-B405-AD32E6BF55B0}.Debug|Any CPU.ActiveCfg = Debug|Any CPU
		{5C79195B-AD8E-45B7-B405-AD32E6BF55B0}.Debug|Any CPU.Build.0 = Debug|Any CPU
		{5C79195B-AD8E-45B7-B405-AD32E6BF55B0}.Debug|Mixed Platforms.ActiveCfg = Debug|x86
		{5C79195B-AD8E-45B7-B405-AD32E6BF55B0}.Debug|Mixed Platforms.Build.0 = Debug|x86
		{5C79195B-AD8E-45B7-B405-AD32E6BF55B0}.Debug|x64.ActiveCfg = Debug|Any CPU
		{5C79195B-AD8E-45B7-B405-AD32E6BF55B0}.Debug|x64.Build.0 = Debug|Any CPU
		{5C79195B-AD8E-45B7-B405-AD32E6BF55B0}.Debug|x86.ActiveCfg = Debug|Any CPU
		{5C79195B-AD8E-45B7-B405-AD32E6BF55B0}.Debug|x86.Build.0 = Debug|Any CPU
		{5C79195B-AD8E-45B7-B405-AD32E6BF55B0}.Debug-AltPath|Any CPU.ActiveCfg = Debug|Any CPU
		{5C79195B-AD8E-45B7-B405-AD32E6BF55B0}.Debug-AltPath|Any CPU.Build.0 = Debug|Any CPU
		{5C79195B-AD8E-45B7-B405-AD32E6BF55B0}.Debug-AltPath|Mixed Platforms.ActiveCfg = Debug|x86
		{5C79195B-AD8E-45B7-B405-AD32E6BF55B0}.Debug-AltPath|Mixed Platforms.Build.0 = Debug|x86
		{5C79195B-AD8E-45B7-B405-AD32E6BF55B0}.Debug-AltPath|x64.ActiveCfg = Debug|Any CPU
		{5C79195B-AD8E-45B7-B405-AD32E6BF55B0}.Debug-AltPath|x64.Build.0 = Debug|Any CPU
		{5C79195B-AD8E-45B7-B405-AD32E6BF55B0}.Debug-AltPath|x86.ActiveCfg = Debug|x86
		{5C79195B-AD8E-45B7-B405-AD32E6BF55B0}.Debug-AltPath|x86.Build.0 = Debug|x86
		{5C79195B-AD8E-45B7-B405-AD32E6BF55B0}.Release|Any CPU.ActiveCfg = Release|Any CPU
		{5C79195B-AD8E-45B7-B405-AD32E6BF55B0}.Release|Any CPU.Build.0 = Release|Any CPU
		{5C79195B-AD8E-45B7-B405-AD32E6BF55B0}.Release|Mixed Platforms.ActiveCfg = Release|x86
		{5C79195B-AD8E-45B7-B405-AD32E6BF55B0}.Release|Mixed Platforms.Build.0 = Release|x86
		{5C79195B-AD8E-45B7-B405-AD32E6BF55B0}.Release|x64.ActiveCfg = Release|Any CPU
		{5C79195B-AD8E-45B7-B405-AD32E6BF55B0}.Release|x64.Build.0 = Release|Any CPU
		{5C79195B-AD8E-45B7-B405-AD32E6BF55B0}.Release|x86.ActiveCfg = Release|Any CPU
		{5C79195B-AD8E-45B7-B405-AD32E6BF55B0}.Release|x86.Build.0 = Release|Any CPU
		{5C79195B-AD8E-45B7-B405-AD32E6BF55B0}.ReleaseSetupx64|Any CPU.ActiveCfg = Release|Any CPU
		{5C79195B-AD8E-45B7-B405-AD32E6BF55B0}.ReleaseSetupx64|Any CPU.Build.0 = Release|Any CPU
		{5C79195B-AD8E-45B7-B405-AD32E6BF55B0}.ReleaseSetupx64|Mixed Platforms.ActiveCfg = Release|x86
		{5C79195B-AD8E-45B7-B405-AD32E6BF55B0}.ReleaseSetupx64|Mixed Platforms.Build.0 = Release|x86
		{5C79195B-AD8E-45B7-B405-AD32E6BF55B0}.ReleaseSetupx64|x64.ActiveCfg = Release|Any CPU
		{5C79195B-AD8E-45B7-B405-AD32E6BF55B0}.ReleaseSetupx64|x64.Build.0 = Release|Any CPU
		{5C79195B-AD8E-45B7-B405-AD32E6BF55B0}.ReleaseSetupx64|x86.ActiveCfg = Release|x86
		{5C79195B-AD8E-45B7-B405-AD32E6BF55B0}.ReleaseSetupx64|x86.Build.0 = Release|x86
		{5C79195B-AD8E-45B7-B405-AD32E6BF55B0}.ReleaseSetupx86|Any CPU.ActiveCfg = Release|Any CPU
		{5C79195B-AD8E-45B7-B405-AD32E6BF55B0}.ReleaseSetupx86|Any CPU.Build.0 = Release|Any CPU
		{5C79195B-AD8E-45B7-B405-AD32E6BF55B0}.ReleaseSetupx86|Mixed Platforms.ActiveCfg = Release|x86
		{5C79195B-AD8E-45B7-B405-AD32E6BF55B0}.ReleaseSetupx86|Mixed Platforms.Build.0 = Release|x86
		{5C79195B-AD8E-45B7-B405-AD32E6BF55B0}.ReleaseSetupx86|x64.ActiveCfg = Release|Any CPU
		{5C79195B-AD8E-45B7-B405-AD32E6BF55B0}.ReleaseSetupx86|x64.Build.0 = Release|Any CPU
		{5C79195B-AD8E-45B7-B405-AD32E6BF55B0}.ReleaseSetupx86|x86.ActiveCfg = Release|Any CPU
		{5C79195B-AD8E-45B7-B405-AD32E6BF55B0}.ReleaseSetupx86|x86.Build.0 = Release|Any CPU
		{027DC860-D691-40F3-946F-5976525E1F59}.Debug|Any CPU.ActiveCfg = Debug|Any CPU
		{027DC860-D691-40F3-946F-5976525E1F59}.Debug|Any CPU.Build.0 = Debug|Any CPU
		{027DC860-D691-40F3-946F-5976525E1F59}.Debug|Mixed Platforms.ActiveCfg = Debug|x86
		{027DC860-D691-40F3-946F-5976525E1F59}.Debug|Mixed Platforms.Build.0 = Debug|x86
		{027DC860-D691-40F3-946F-5976525E1F59}.Debug|x64.ActiveCfg = Debug|Any CPU
		{027DC860-D691-40F3-946F-5976525E1F59}.Debug|x64.Build.0 = Debug|Any CPU
		{027DC860-D691-40F3-946F-5976525E1F59}.Debug|x86.ActiveCfg = Debug|Any CPU
		{027DC860-D691-40F3-946F-5976525E1F59}.Debug|x86.Build.0 = Debug|Any CPU
		{027DC860-D691-40F3-946F-5976525E1F59}.Debug-AltPath|Any CPU.ActiveCfg = Debug|Any CPU
		{027DC860-D691-40F3-946F-5976525E1F59}.Debug-AltPath|Any CPU.Build.0 = Debug|Any CPU
		{027DC860-D691-40F3-946F-5976525E1F59}.Debug-AltPath|Mixed Platforms.ActiveCfg = Debug|x86
		{027DC860-D691-40F3-946F-5976525E1F59}.Debug-AltPath|Mixed Platforms.Build.0 = Debug|x86
		{027DC860-D691-40F3-946F-5976525E1F59}.Debug-AltPath|x64.ActiveCfg = Debug|Any CPU
		{027DC860-D691-40F3-946F-5976525E1F59}.Debug-AltPath|x64.Build.0 = Debug|Any CPU
		{027DC860-D691-40F3-946F-5976525E1F59}.Debug-AltPath|x86.ActiveCfg = Debug|x86
		{027DC860-D691-40F3-946F-5976525E1F59}.Debug-AltPath|x86.Build.0 = Debug|x86
		{027DC860-D691-40F3-946F-5976525E1F59}.Release|Any CPU.ActiveCfg = Release|Any CPU
		{027DC860-D691-40F3-946F-5976525E1F59}.Release|Any CPU.Build.0 = Release|Any CPU
		{027DC860-D691-40F3-946F-5976525E1F59}.Release|Mixed Platforms.ActiveCfg = Release|x86
		{027DC860-D691-40F3-946F-5976525E1F59}.Release|Mixed Platforms.Build.0 = Release|x86
		{027DC860-D691-40F3-946F-5976525E1F59}.Release|x64.ActiveCfg = Release|Any CPU
		{027DC860-D691-40F3-946F-5976525E1F59}.Release|x64.Build.0 = Release|Any CPU
		{027DC860-D691-40F3-946F-5976525E1F59}.Release|x86.ActiveCfg = Release|Any CPU
		{027DC860-D691-40F3-946F-5976525E1F59}.Release|x86.Build.0 = Release|Any CPU
		{027DC860-D691-40F3-946F-5976525E1F59}.ReleaseSetupx64|Any CPU.ActiveCfg = Release|Any CPU
		{027DC860-D691-40F3-946F-5976525E1F59}.ReleaseSetupx64|Any CPU.Build.0 = Release|Any CPU
		{027DC860-D691-40F3-946F-5976525E1F59}.ReleaseSetupx64|Mixed Platforms.ActiveCfg = Release|x86
		{027DC860-D691-40F3-946F-5976525E1F59}.ReleaseSetupx64|Mixed Platforms.Build.0 = Release|x86
		{027DC860-D691-40F3-946F-5976525E1F59}.ReleaseSetupx64|x64.ActiveCfg = Release|Any CPU
		{027DC860-D691-40F3-946F-5976525E1F59}.ReleaseSetupx64|x64.Build.0 = Release|Any CPU
		{027DC860-D691-40F3-946F-5976525E1F59}.ReleaseSetupx64|x86.ActiveCfg = Release|x86
		{027DC860-D691-40F3-946F-5976525E1F59}.ReleaseSetupx64|x86.Build.0 = Release|x86
		{027DC860-D691-40F3-946F-5976525E1F59}.ReleaseSetupx86|Any CPU.ActiveCfg = Release|Any CPU
		{027DC860-D691-40F3-946F-5976525E1F59}.ReleaseSetupx86|Any CPU.Build.0 = Release|Any CPU
		{027DC860-D691-40F3-946F-5976525E1F59}.ReleaseSetupx86|Mixed Platforms.ActiveCfg = Release|x86
		{027DC860-D691-40F3-946F-5976525E1F59}.ReleaseSetupx86|Mixed Platforms.Build.0 = Release|x86
		{027DC860-D691-40F3-946F-5976525E1F59}.ReleaseSetupx86|x64.ActiveCfg = Release|Any CPU
		{027DC860-D691-40F3-946F-5976525E1F59}.ReleaseSetupx86|x64.Build.0 = Release|Any CPU
		{027DC860-D691-40F3-946F-5976525E1F59}.ReleaseSetupx86|x86.ActiveCfg = Release|Any CPU
		{027DC860-D691-40F3-946F-5976525E1F59}.ReleaseSetupx86|x86.Build.0 = Release|Any CPU
		{E401C224-26A9-47E1-9CBE-804D8FB3ABE0}.Debug|Any CPU.ActiveCfg = Debug|Any CPU
		{E401C224-26A9-47E1-9CBE-804D8FB3ABE0}.Debug|Any CPU.Build.0 = Debug|Any CPU
		{E401C224-26A9-47E1-9CBE-804D8FB3ABE0}.Debug|Mixed Platforms.ActiveCfg = Debug|x86
		{E401C224-26A9-47E1-9CBE-804D8FB3ABE0}.Debug|Mixed Platforms.Build.0 = Debug|x86
		{E401C224-26A9-47E1-9CBE-804D8FB3ABE0}.Debug|x64.ActiveCfg = Debug|Any CPU
		{E401C224-26A9-47E1-9CBE-804D8FB3ABE0}.Debug|x64.Build.0 = Debug|Any CPU
		{E401C224-26A9-47E1-9CBE-804D8FB3ABE0}.Debug|x86.ActiveCfg = Debug|Any CPU
		{E401C224-26A9-47E1-9CBE-804D8FB3ABE0}.Debug|x86.Build.0 = Debug|Any CPU
		{E401C224-26A9-47E1-9CBE-804D8FB3ABE0}.Debug-AltPath|Any CPU.ActiveCfg = Debug|Any CPU
		{E401C224-26A9-47E1-9CBE-804D8FB3ABE0}.Debug-AltPath|Any CPU.Build.0 = Debug|Any CPU
		{E401C224-26A9-47E1-9CBE-804D8FB3ABE0}.Debug-AltPath|Mixed Platforms.ActiveCfg = Debug|x86
		{E401C224-26A9-47E1-9CBE-804D8FB3ABE0}.Debug-AltPath|Mixed Platforms.Build.0 = Debug|x86
		{E401C224-26A9-47E1-9CBE-804D8FB3ABE0}.Debug-AltPath|x64.ActiveCfg = Debug|Any CPU
		{E401C224-26A9-47E1-9CBE-804D8FB3ABE0}.Debug-AltPath|x64.Build.0 = Debug|Any CPU
		{E401C224-26A9-47E1-9CBE-804D8FB3ABE0}.Debug-AltPath|x86.ActiveCfg = Debug|x86
		{E401C224-26A9-47E1-9CBE-804D8FB3ABE0}.Debug-AltPath|x86.Build.0 = Debug|x86
		{E401C224-26A9-47E1-9CBE-804D8FB3ABE0}.Release|Any CPU.ActiveCfg = Release|Any CPU
		{E401C224-26A9-47E1-9CBE-804D8FB3ABE0}.Release|Any CPU.Build.0 = Release|Any CPU
		{E401C224-26A9-47E1-9CBE-804D8FB3ABE0}.Release|Mixed Platforms.ActiveCfg = Release|x86
		{E401C224-26A9-47E1-9CBE-804D8FB3ABE0}.Release|Mixed Platforms.Build.0 = Release|x86
		{E401C224-26A9-47E1-9CBE-804D8FB3ABE0}.Release|x64.ActiveCfg = Release|Any CPU
		{E401C224-26A9-47E1-9CBE-804D8FB3ABE0}.Release|x64.Build.0 = Release|Any CPU
		{E401C224-26A9-47E1-9CBE-804D8FB3ABE0}.Release|x86.ActiveCfg = Release|Any CPU
		{E401C224-26A9-47E1-9CBE-804D8FB3ABE0}.Release|x86.Build.0 = Release|Any CPU
		{E401C224-26A9-47E1-9CBE-804D8FB3ABE0}.ReleaseSetupx64|Any CPU.ActiveCfg = Release|Any CPU
		{E401C224-26A9-47E1-9CBE-804D8FB3ABE0}.ReleaseSetupx64|Any CPU.Build.0 = Release|Any CPU
		{E401C224-26A9-47E1-9CBE-804D8FB3ABE0}.ReleaseSetupx64|Mixed Platforms.ActiveCfg = Release|x86
		{E401C224-26A9-47E1-9CBE-804D8FB3ABE0}.ReleaseSetupx64|Mixed Platforms.Build.0 = Release|x86
		{E401C224-26A9-47E1-9CBE-804D8FB3ABE0}.ReleaseSetupx64|x64.ActiveCfg = Release|Any CPU
		{E401C224-26A9-47E1-9CBE-804D8FB3ABE0}.ReleaseSetupx64|x64.Build.0 = Release|Any CPU
		{E401C224-26A9-47E1-9CBE-804D8FB3ABE0}.ReleaseSetupx64|x86.ActiveCfg = Release|x86
		{E401C224-26A9-47E1-9CBE-804D8FB3ABE0}.ReleaseSetupx64|x86.Build.0 = Release|x86
		{E401C224-26A9-47E1-9CBE-804D8FB3ABE0}.ReleaseSetupx86|Any CPU.ActiveCfg = Release|Any CPU
		{E401C224-26A9-47E1-9CBE-804D8FB3ABE0}.ReleaseSetupx86|Any CPU.Build.0 = Release|Any CPU
		{E401C224-26A9-47E1-9CBE-804D8FB3ABE0}.ReleaseSetupx86|Mixed Platforms.ActiveCfg = Release|x86
		{E401C224-26A9-47E1-9CBE-804D8FB3ABE0}.ReleaseSetupx86|Mixed Platforms.Build.0 = Release|x86
		{E401C224-26A9-47E1-9CBE-804D8FB3ABE0}.ReleaseSetupx86|x64.ActiveCfg = Release|Any CPU
		{E401C224-26A9-47E1-9CBE-804D8FB3ABE0}.ReleaseSetupx86|x64.Build.0 = Release|Any CPU
		{E401C224-26A9-47E1-9CBE-804D8FB3ABE0}.ReleaseSetupx86|x86.ActiveCfg = Release|Any CPU
		{E401C224-26A9-47E1-9CBE-804D8FB3ABE0}.ReleaseSetupx86|x86.Build.0 = Release|Any CPU
		{BA2ADD22-E076-48C9-8DA1-1811DB230169}.Debug|Any CPU.ActiveCfg = Debug|Any CPU
		{BA2ADD22-E076-48C9-8DA1-1811DB230169}.Debug|Any CPU.Build.0 = Debug|Any CPU
		{BA2ADD22-E076-48C9-8DA1-1811DB230169}.Debug|Mixed Platforms.ActiveCfg = Debug|Any CPU
		{BA2ADD22-E076-48C9-8DA1-1811DB230169}.Debug|Mixed Platforms.Build.0 = Debug|Any CPU
		{BA2ADD22-E076-48C9-8DA1-1811DB230169}.Debug|x64.ActiveCfg = Debug|Any CPU
		{BA2ADD22-E076-48C9-8DA1-1811DB230169}.Debug|x64.Build.0 = Debug|Any CPU
		{BA2ADD22-E076-48C9-8DA1-1811DB230169}.Debug|x86.ActiveCfg = Debug|Any CPU
		{BA2ADD22-E076-48C9-8DA1-1811DB230169}.Debug|x86.Build.0 = Debug|Any CPU
		{BA2ADD22-E076-48C9-8DA1-1811DB230169}.Debug-AltPath|Any CPU.ActiveCfg = Debug|Any CPU
		{BA2ADD22-E076-48C9-8DA1-1811DB230169}.Debug-AltPath|Any CPU.Build.0 = Debug|Any CPU
		{BA2ADD22-E076-48C9-8DA1-1811DB230169}.Debug-AltPath|Mixed Platforms.ActiveCfg = Debug|Any CPU
		{BA2ADD22-E076-48C9-8DA1-1811DB230169}.Debug-AltPath|Mixed Platforms.Build.0 = Debug|Any CPU
		{BA2ADD22-E076-48C9-8DA1-1811DB230169}.Debug-AltPath|x64.ActiveCfg = Debug|Any CPU
		{BA2ADD22-E076-48C9-8DA1-1811DB230169}.Debug-AltPath|x64.Build.0 = Debug|Any CPU
		{BA2ADD22-E076-48C9-8DA1-1811DB230169}.Debug-AltPath|x86.ActiveCfg = Debug|Any CPU
		{BA2ADD22-E076-48C9-8DA1-1811DB230169}.Release|Any CPU.ActiveCfg = Release|Any CPU
		{BA2ADD22-E076-48C9-8DA1-1811DB230169}.Release|Any CPU.Build.0 = Release|Any CPU
		{BA2ADD22-E076-48C9-8DA1-1811DB230169}.Release|Mixed Platforms.ActiveCfg = Release|Any CPU
		{BA2ADD22-E076-48C9-8DA1-1811DB230169}.Release|Mixed Platforms.Build.0 = Release|Any CPU
		{BA2ADD22-E076-48C9-8DA1-1811DB230169}.Release|x64.ActiveCfg = Release|Any CPU
		{BA2ADD22-E076-48C9-8DA1-1811DB230169}.Release|x64.Build.0 = Release|Any CPU
		{BA2ADD22-E076-48C9-8DA1-1811DB230169}.Release|x86.ActiveCfg = Release|Any CPU
		{BA2ADD22-E076-48C9-8DA1-1811DB230169}.Release|x86.Build.0 = Release|Any CPU
		{BA2ADD22-E076-48C9-8DA1-1811DB230169}.ReleaseSetupx64|Any CPU.ActiveCfg = Release|Any CPU
		{BA2ADD22-E076-48C9-8DA1-1811DB230169}.ReleaseSetupx64|Any CPU.Build.0 = Release|Any CPU
		{BA2ADD22-E076-48C9-8DA1-1811DB230169}.ReleaseSetupx64|Mixed Platforms.ActiveCfg = Release|Any CPU
		{BA2ADD22-E076-48C9-8DA1-1811DB230169}.ReleaseSetupx64|Mixed Platforms.Build.0 = Release|Any CPU
		{BA2ADD22-E076-48C9-8DA1-1811DB230169}.ReleaseSetupx64|x64.ActiveCfg = Release|Any CPU
		{BA2ADD22-E076-48C9-8DA1-1811DB230169}.ReleaseSetupx64|x64.Build.0 = Release|Any CPU
		{BA2ADD22-E076-48C9-8DA1-1811DB230169}.ReleaseSetupx64|x86.ActiveCfg = Release|x86
		{BA2ADD22-E076-48C9-8DA1-1811DB230169}.ReleaseSetupx86|Any CPU.ActiveCfg = Release|Any CPU
		{BA2ADD22-E076-48C9-8DA1-1811DB230169}.ReleaseSetupx86|Any CPU.Build.0 = Release|Any CPU
		{BA2ADD22-E076-48C9-8DA1-1811DB230169}.ReleaseSetupx86|Mixed Platforms.ActiveCfg = Release|Any CPU
		{BA2ADD22-E076-48C9-8DA1-1811DB230169}.ReleaseSetupx86|Mixed Platforms.Build.0 = Release|Any CPU
		{BA2ADD22-E076-48C9-8DA1-1811DB230169}.ReleaseSetupx86|x64.ActiveCfg = Release|Any CPU
		{BA2ADD22-E076-48C9-8DA1-1811DB230169}.ReleaseSetupx86|x64.Build.0 = Release|Any CPU
		{BA2ADD22-E076-48C9-8DA1-1811DB230169}.ReleaseSetupx86|x86.ActiveCfg = Release|Any CPU
		{BA2ADD22-E076-48C9-8DA1-1811DB230169}.ReleaseSetupx86|x86.Build.0 = Release|Any CPU
		{E0DCA353-A72C-467F-AEB6-E81230185475}.Debug|Any CPU.ActiveCfg = Debug|Any CPU
		{E0DCA353-A72C-467F-AEB6-E81230185475}.Debug|Any CPU.Build.0 = Debug|Any CPU
		{E0DCA353-A72C-467F-AEB6-E81230185475}.Debug|Mixed Platforms.ActiveCfg = Debug|Any CPU
		{E0DCA353-A72C-467F-AEB6-E81230185475}.Debug|Mixed Platforms.Build.0 = Debug|Any CPU
		{E0DCA353-A72C-467F-AEB6-E81230185475}.Debug|x64.ActiveCfg = Debug|Any CPU
		{E0DCA353-A72C-467F-AEB6-E81230185475}.Debug|x64.Build.0 = Debug|Any CPU
		{E0DCA353-A72C-467F-AEB6-E81230185475}.Debug|x86.ActiveCfg = Debug|Any CPU
		{E0DCA353-A72C-467F-AEB6-E81230185475}.Debug|x86.Build.0 = Debug|Any CPU
		{E0DCA353-A72C-467F-AEB6-E81230185475}.Debug-AltPath|Any CPU.ActiveCfg = Debug|Any CPU
		{E0DCA353-A72C-467F-AEB6-E81230185475}.Debug-AltPath|Any CPU.Build.0 = Debug|Any CPU
		{E0DCA353-A72C-467F-AEB6-E81230185475}.Debug-AltPath|Mixed Platforms.ActiveCfg = Debug|Any CPU
		{E0DCA353-A72C-467F-AEB6-E81230185475}.Debug-AltPath|Mixed Platforms.Build.0 = Debug|Any CPU
		{E0DCA353-A72C-467F-AEB6-E81230185475}.Debug-AltPath|x64.ActiveCfg = Debug|Any CPU
		{E0DCA353-A72C-467F-AEB6-E81230185475}.Debug-AltPath|x64.Build.0 = Debug|Any CPU
		{E0DCA353-A72C-467F-AEB6-E81230185475}.Debug-AltPath|x86.ActiveCfg = Debug|Any CPU
		{E0DCA353-A72C-467F-AEB6-E81230185475}.Release|Any CPU.ActiveCfg = Release|Any CPU
		{E0DCA353-A72C-467F-AEB6-E81230185475}.Release|Any CPU.Build.0 = Release|Any CPU
		{E0DCA353-A72C-467F-AEB6-E81230185475}.Release|Mixed Platforms.ActiveCfg = Release|Any CPU
		{E0DCA353-A72C-467F-AEB6-E81230185475}.Release|Mixed Platforms.Build.0 = Release|Any CPU
		{E0DCA353-A72C-467F-AEB6-E81230185475}.Release|x64.ActiveCfg = Release|Any CPU
		{E0DCA353-A72C-467F-AEB6-E81230185475}.Release|x64.Build.0 = Release|Any CPU
		{E0DCA353-A72C-467F-AEB6-E81230185475}.Release|x86.ActiveCfg = Release|Any CPU
		{E0DCA353-A72C-467F-AEB6-E81230185475}.Release|x86.Build.0 = Release|Any CPU
		{E0DCA353-A72C-467F-AEB6-E81230185475}.ReleaseSetupx64|Any CPU.ActiveCfg = Release|Any CPU
		{E0DCA353-A72C-467F-AEB6-E81230185475}.ReleaseSetupx64|Any CPU.Build.0 = Release|Any CPU
		{E0DCA353-A72C-467F-AEB6-E81230185475}.ReleaseSetupx64|Mixed Platforms.ActiveCfg = Release|Any CPU
		{E0DCA353-A72C-467F-AEB6-E81230185475}.ReleaseSetupx64|Mixed Platforms.Build.0 = Release|Any CPU
		{E0DCA353-A72C-467F-AEB6-E81230185475}.ReleaseSetupx64|x64.ActiveCfg = Release|Any CPU
		{E0DCA353-A72C-467F-AEB6-E81230185475}.ReleaseSetupx64|x64.Build.0 = Release|Any CPU
		{E0DCA353-A72C-467F-AEB6-E81230185475}.ReleaseSetupx64|x86.ActiveCfg = Release|x86
		{E0DCA353-A72C-467F-AEB6-E81230185475}.ReleaseSetupx86|Any CPU.ActiveCfg = Release|Any CPU
		{E0DCA353-A72C-467F-AEB6-E81230185475}.ReleaseSetupx86|Any CPU.Build.0 = Release|Any CPU
		{E0DCA353-A72C-467F-AEB6-E81230185475}.ReleaseSetupx86|Mixed Platforms.ActiveCfg = Release|Any CPU
		{E0DCA353-A72C-467F-AEB6-E81230185475}.ReleaseSetupx86|Mixed Platforms.Build.0 = Release|Any CPU
		{E0DCA353-A72C-467F-AEB6-E81230185475}.ReleaseSetupx86|x64.ActiveCfg = Release|Any CPU
		{E0DCA353-A72C-467F-AEB6-E81230185475}.ReleaseSetupx86|x64.Build.0 = Release|Any CPU
		{E0DCA353-A72C-467F-AEB6-E81230185475}.ReleaseSetupx86|x86.ActiveCfg = Release|Any CPU
		{E0DCA353-A72C-467F-AEB6-E81230185475}.ReleaseSetupx86|x86.Build.0 = Release|Any CPU
		{68909A87-203D-4DF1-84F9-151EBE7CA15C}.Debug|Any CPU.ActiveCfg = Debug|Any CPU
		{68909A87-203D-4DF1-84F9-151EBE7CA15C}.Debug|Any CPU.Build.0 = Debug|Any CPU
		{68909A87-203D-4DF1-84F9-151EBE7CA15C}.Debug|Mixed Platforms.ActiveCfg = Debug|x86
		{68909A87-203D-4DF1-84F9-151EBE7CA15C}.Debug|Mixed Platforms.Build.0 = Debug|x86
		{68909A87-203D-4DF1-84F9-151EBE7CA15C}.Debug|x64.ActiveCfg = Debug|Any CPU
		{68909A87-203D-4DF1-84F9-151EBE7CA15C}.Debug|x64.Build.0 = Debug|Any CPU
		{68909A87-203D-4DF1-84F9-151EBE7CA15C}.Debug|x86.ActiveCfg = Debug|x86
		{68909A87-203D-4DF1-84F9-151EBE7CA15C}.Debug|x86.Build.0 = Debug|x86
		{68909A87-203D-4DF1-84F9-151EBE7CA15C}.Debug-AltPath|Any CPU.ActiveCfg = Debug-AltPath|Any CPU
		{68909A87-203D-4DF1-84F9-151EBE7CA15C}.Debug-AltPath|Any CPU.Build.0 = Debug-AltPath|Any CPU
		{68909A87-203D-4DF1-84F9-151EBE7CA15C}.Debug-AltPath|Mixed Platforms.ActiveCfg = Debug-AltPath|x86
		{68909A87-203D-4DF1-84F9-151EBE7CA15C}.Debug-AltPath|Mixed Platforms.Build.0 = Debug-AltPath|x86
		{68909A87-203D-4DF1-84F9-151EBE7CA15C}.Debug-AltPath|x64.ActiveCfg = Debug-AltPath|Any CPU
		{68909A87-203D-4DF1-84F9-151EBE7CA15C}.Debug-AltPath|x64.Build.0 = Debug-AltPath|Any CPU
		{68909A87-203D-4DF1-84F9-151EBE7CA15C}.Debug-AltPath|x86.ActiveCfg = Debug-AltPath|x86
		{68909A87-203D-4DF1-84F9-151EBE7CA15C}.Debug-AltPath|x86.Build.0 = Debug-AltPath|x86
		{68909A87-203D-4DF1-84F9-151EBE7CA15C}.Release|Any CPU.ActiveCfg = Release|Any CPU
		{68909A87-203D-4DF1-84F9-151EBE7CA15C}.Release|Any CPU.Build.0 = Release|Any CPU
		{68909A87-203D-4DF1-84F9-151EBE7CA15C}.Release|Mixed Platforms.ActiveCfg = Release|x86
		{68909A87-203D-4DF1-84F9-151EBE7CA15C}.Release|Mixed Platforms.Build.0 = Release|x86
		{68909A87-203D-4DF1-84F9-151EBE7CA15C}.Release|x64.ActiveCfg = Release|Any CPU
		{68909A87-203D-4DF1-84F9-151EBE7CA15C}.Release|x64.Build.0 = Release|Any CPU
		{68909A87-203D-4DF1-84F9-151EBE7CA15C}.Release|x86.ActiveCfg = Release|Any CPU
		{68909A87-203D-4DF1-84F9-151EBE7CA15C}.Release|x86.Build.0 = Release|Any CPU
		{68909A87-203D-4DF1-84F9-151EBE7CA15C}.ReleaseSetupx64|Any CPU.ActiveCfg = Release|Any CPU
		{68909A87-203D-4DF1-84F9-151EBE7CA15C}.ReleaseSetupx64|Any CPU.Build.0 = Release|Any CPU
		{68909A87-203D-4DF1-84F9-151EBE7CA15C}.ReleaseSetupx64|Mixed Platforms.ActiveCfg = Release|x86
		{68909A87-203D-4DF1-84F9-151EBE7CA15C}.ReleaseSetupx64|Mixed Platforms.Build.0 = Release|x86
		{68909A87-203D-4DF1-84F9-151EBE7CA15C}.ReleaseSetupx64|x64.ActiveCfg = Release|Any CPU
		{68909A87-203D-4DF1-84F9-151EBE7CA15C}.ReleaseSetupx64|x64.Build.0 = Release|Any CPU
		{68909A87-203D-4DF1-84F9-151EBE7CA15C}.ReleaseSetupx64|x86.ActiveCfg = Release|x86
		{68909A87-203D-4DF1-84F9-151EBE7CA15C}.ReleaseSetupx64|x86.Build.0 = Release|x86
		{68909A87-203D-4DF1-84F9-151EBE7CA15C}.ReleaseSetupx86|Any CPU.ActiveCfg = Release|Any CPU
		{68909A87-203D-4DF1-84F9-151EBE7CA15C}.ReleaseSetupx86|Any CPU.Build.0 = Release|Any CPU
		{68909A87-203D-4DF1-84F9-151EBE7CA15C}.ReleaseSetupx86|Mixed Platforms.ActiveCfg = Release|x86
		{68909A87-203D-4DF1-84F9-151EBE7CA15C}.ReleaseSetupx86|Mixed Platforms.Build.0 = Release|x86
		{68909A87-203D-4DF1-84F9-151EBE7CA15C}.ReleaseSetupx86|x64.ActiveCfg = Release|Any CPU
		{68909A87-203D-4DF1-84F9-151EBE7CA15C}.ReleaseSetupx86|x64.Build.0 = Release|Any CPU
		{68909A87-203D-4DF1-84F9-151EBE7CA15C}.ReleaseSetupx86|x86.ActiveCfg = Release|Any CPU
		{68909A87-203D-4DF1-84F9-151EBE7CA15C}.ReleaseSetupx86|x86.Build.0 = Release|Any CPU
		{CF51024A-DEA3-4D04-9D84-6CC2A27C78B2}.Debug|Any CPU.ActiveCfg = Debug|Any CPU
		{CF51024A-DEA3-4D04-9D84-6CC2A27C78B2}.Debug|Any CPU.Build.0 = Debug|Any CPU
		{CF51024A-DEA3-4D04-9D84-6CC2A27C78B2}.Debug|Mixed Platforms.ActiveCfg = Debug|x86
		{CF51024A-DEA3-4D04-9D84-6CC2A27C78B2}.Debug|Mixed Platforms.Build.0 = Debug|x86
		{CF51024A-DEA3-4D04-9D84-6CC2A27C78B2}.Debug|x64.ActiveCfg = Debug|Any CPU
		{CF51024A-DEA3-4D04-9D84-6CC2A27C78B2}.Debug|x86.ActiveCfg = Debug|x86
		{CF51024A-DEA3-4D04-9D84-6CC2A27C78B2}.Debug|x86.Build.0 = Debug|x86
		{CF51024A-DEA3-4D04-9D84-6CC2A27C78B2}.Debug-AltPath|Any CPU.ActiveCfg = Debug|Any CPU
		{CF51024A-DEA3-4D04-9D84-6CC2A27C78B2}.Debug-AltPath|Any CPU.Build.0 = Debug|Any CPU
		{CF51024A-DEA3-4D04-9D84-6CC2A27C78B2}.Debug-AltPath|Mixed Platforms.ActiveCfg = Debug|x86
		{CF51024A-DEA3-4D04-9D84-6CC2A27C78B2}.Debug-AltPath|Mixed Platforms.Build.0 = Debug|x86
		{CF51024A-DEA3-4D04-9D84-6CC2A27C78B2}.Debug-AltPath|x64.ActiveCfg = Debug|Any CPU
		{CF51024A-DEA3-4D04-9D84-6CC2A27C78B2}.Debug-AltPath|x86.ActiveCfg = Debug|x86
		{CF51024A-DEA3-4D04-9D84-6CC2A27C78B2}.Debug-AltPath|x86.Build.0 = Debug|x86
		{CF51024A-DEA3-4D04-9D84-6CC2A27C78B2}.Release|Any CPU.ActiveCfg = Release|Any CPU
		{CF51024A-DEA3-4D04-9D84-6CC2A27C78B2}.Release|Any CPU.Build.0 = Release|Any CPU
		{CF51024A-DEA3-4D04-9D84-6CC2A27C78B2}.Release|Mixed Platforms.ActiveCfg = Release|x86
		{CF51024A-DEA3-4D04-9D84-6CC2A27C78B2}.Release|Mixed Platforms.Build.0 = Release|x86
		{CF51024A-DEA3-4D04-9D84-6CC2A27C78B2}.Release|x64.ActiveCfg = Release|Any CPU
		{CF51024A-DEA3-4D04-9D84-6CC2A27C78B2}.Release|x86.ActiveCfg = Release|x86
		{CF51024A-DEA3-4D04-9D84-6CC2A27C78B2}.Release|x86.Build.0 = Release|x86
		{CF51024A-DEA3-4D04-9D84-6CC2A27C78B2}.ReleaseSetupx64|Any CPU.ActiveCfg = Release|Any CPU
		{CF51024A-DEA3-4D04-9D84-6CC2A27C78B2}.ReleaseSetupx64|Any CPU.Build.0 = Release|Any CPU
		{CF51024A-DEA3-4D04-9D84-6CC2A27C78B2}.ReleaseSetupx64|Mixed Platforms.ActiveCfg = Release|x86
		{CF51024A-DEA3-4D04-9D84-6CC2A27C78B2}.ReleaseSetupx64|Mixed Platforms.Build.0 = Release|x86
		{CF51024A-DEA3-4D04-9D84-6CC2A27C78B2}.ReleaseSetupx64|x64.ActiveCfg = Release|Any CPU
		{CF51024A-DEA3-4D04-9D84-6CC2A27C78B2}.ReleaseSetupx64|x86.ActiveCfg = Release|x86
		{CF51024A-DEA3-4D04-9D84-6CC2A27C78B2}.ReleaseSetupx64|x86.Build.0 = Release|x86
		{CF51024A-DEA3-4D04-9D84-6CC2A27C78B2}.ReleaseSetupx86|Any CPU.ActiveCfg = Release|Any CPU
		{CF51024A-DEA3-4D04-9D84-6CC2A27C78B2}.ReleaseSetupx86|Any CPU.Build.0 = Release|Any CPU
		{CF51024A-DEA3-4D04-9D84-6CC2A27C78B2}.ReleaseSetupx86|Mixed Platforms.ActiveCfg = Release|x86
		{CF51024A-DEA3-4D04-9D84-6CC2A27C78B2}.ReleaseSetupx86|Mixed Platforms.Build.0 = Release|x86
		{CF51024A-DEA3-4D04-9D84-6CC2A27C78B2}.ReleaseSetupx86|x64.ActiveCfg = Release|Any CPU
		{CF51024A-DEA3-4D04-9D84-6CC2A27C78B2}.ReleaseSetupx86|x86.ActiveCfg = Release|x86
		{CF51024A-DEA3-4D04-9D84-6CC2A27C78B2}.ReleaseSetupx86|x86.Build.0 = Release|x86
		{4E99B96D-9389-4762-A69A-0F1DD3761DAA}.Debug|Any CPU.ActiveCfg = Debug|Any CPU
		{4E99B96D-9389-4762-A69A-0F1DD3761DAA}.Debug|Any CPU.Build.0 = Debug|Any CPU
		{4E99B96D-9389-4762-A69A-0F1DD3761DAA}.Debug|Mixed Platforms.ActiveCfg = Debug|Any CPU
		{4E99B96D-9389-4762-A69A-0F1DD3761DAA}.Debug|Mixed Platforms.Build.0 = Debug|Any CPU
		{4E99B96D-9389-4762-A69A-0F1DD3761DAA}.Debug|x64.ActiveCfg = Debug|Any CPU
		{4E99B96D-9389-4762-A69A-0F1DD3761DAA}.Debug|x86.ActiveCfg = Debug|Any CPU
		{4E99B96D-9389-4762-A69A-0F1DD3761DAA}.Debug-AltPath|Any CPU.ActiveCfg = Debug|Any CPU
		{4E99B96D-9389-4762-A69A-0F1DD3761DAA}.Debug-AltPath|Any CPU.Build.0 = Debug|Any CPU
		{4E99B96D-9389-4762-A69A-0F1DD3761DAA}.Debug-AltPath|Mixed Platforms.ActiveCfg = Debug|Any CPU
		{4E99B96D-9389-4762-A69A-0F1DD3761DAA}.Debug-AltPath|Mixed Platforms.Build.0 = Debug|Any CPU
		{4E99B96D-9389-4762-A69A-0F1DD3761DAA}.Debug-AltPath|x64.ActiveCfg = Debug|Any CPU
		{4E99B96D-9389-4762-A69A-0F1DD3761DAA}.Debug-AltPath|x86.ActiveCfg = Debug|Any CPU
		{4E99B96D-9389-4762-A69A-0F1DD3761DAA}.Release|Any CPU.ActiveCfg = Release|Any CPU
		{4E99B96D-9389-4762-A69A-0F1DD3761DAA}.Release|Any CPU.Build.0 = Release|Any CPU
		{4E99B96D-9389-4762-A69A-0F1DD3761DAA}.Release|Mixed Platforms.ActiveCfg = Release|Any CPU
		{4E99B96D-9389-4762-A69A-0F1DD3761DAA}.Release|Mixed Platforms.Build.0 = Release|Any CPU
		{4E99B96D-9389-4762-A69A-0F1DD3761DAA}.Release|x64.ActiveCfg = Release|Any CPU
		{4E99B96D-9389-4762-A69A-0F1DD3761DAA}.Release|x86.ActiveCfg = Release|Any CPU
		{4E99B96D-9389-4762-A69A-0F1DD3761DAA}.ReleaseSetupx64|Any CPU.ActiveCfg = Release|Any CPU
		{4E99B96D-9389-4762-A69A-0F1DD3761DAA}.ReleaseSetupx64|Any CPU.Build.0 = Release|Any CPU
		{4E99B96D-9389-4762-A69A-0F1DD3761DAA}.ReleaseSetupx64|Mixed Platforms.ActiveCfg = Release|Any CPU
		{4E99B96D-9389-4762-A69A-0F1DD3761DAA}.ReleaseSetupx64|Mixed Platforms.Build.0 = Release|Any CPU
		{4E99B96D-9389-4762-A69A-0F1DD3761DAA}.ReleaseSetupx64|x64.ActiveCfg = Release|Any CPU
		{4E99B96D-9389-4762-A69A-0F1DD3761DAA}.ReleaseSetupx64|x86.ActiveCfg = Release|Any CPU
		{4E99B96D-9389-4762-A69A-0F1DD3761DAA}.ReleaseSetupx86|Any CPU.ActiveCfg = Release|Any CPU
		{4E99B96D-9389-4762-A69A-0F1DD3761DAA}.ReleaseSetupx86|Any CPU.Build.0 = Release|Any CPU
		{4E99B96D-9389-4762-A69A-0F1DD3761DAA}.ReleaseSetupx86|Mixed Platforms.ActiveCfg = Release|Any CPU
		{4E99B96D-9389-4762-A69A-0F1DD3761DAA}.ReleaseSetupx86|Mixed Platforms.Build.0 = Release|Any CPU
		{4E99B96D-9389-4762-A69A-0F1DD3761DAA}.ReleaseSetupx86|x64.ActiveCfg = Release|Any CPU
		{4E99B96D-9389-4762-A69A-0F1DD3761DAA}.ReleaseSetupx86|x86.ActiveCfg = Release|Any CPU
	EndGlobalSection
	GlobalSection(SolutionProperties) = preSolution
		HideSolutionNode = FALSE
	EndGlobalSection
EndGlobal
