Microsoft Visual Studio Solution File, Format Version 8.00
Project("{FAE04EC0-301F-11D3-BF4B-00C04F79EFBC}") = "RssBandit", "RssBandit.csproj", "{68909A87-203D-4DF1-84F9-151EBE7CA15C}"
	ProjectSection(ProjectDependencies) = postProject
	EndProjectSection
EndProject
Global
	GlobalSection(SolutionConfiguration) = preSolution
		Debug = Debug
		Release = Release
	EndGlobalSection
	GlobalSection(ProjectConfiguration) = postSolution
		{68909A87-203D-4DF1-84F9-151EBE7CA15C}.Debug.ActiveCfg = Debug|.NET
		{68909A87-203D-4DF1-84F9-151EBE7CA15C}.Debug.Build.0 = Debug|.NET
		{68909A87-203D-4DF1-84F9-151EBE7CA15C}.Release.ActiveCfg = Release|.NET
		{68909A87-203D-4DF1-84F9-151EBE7CA15C}.Release.Build.0 = Release|.NET
	EndGlobalSection
	GlobalSection(ExtensibilityGlobals) = postSolution
	EndGlobalSection
	GlobalSection(ExtensibilityAddIns) = postSolution
	EndGlobalSection
EndGlobal
