Microsoft Visual Studio Solution File, Format Version 7.00
Project("{FAE04EC0-301F-11D3-BF4B-00C04F79EFBC}") = "Microsoft.ApplicationBlocks.ExceptionManagement", "Microsoft.ApplicationBlocks.ExceptionManagement\Microsoft.ApplicationBlocks.ExceptionManagement.csproj", "{386CBF50-F4A9-4F05-98CB-B387D2D8F357}"
EndProject
Project("{FAE04EC0-301F-11D3-BF4B-00C04F79EFBC}") = "Microsoft.ApplicationBlocks.ExceptionManagement.Interfaces", "Microsoft.ApplicationBlocks.ExceptionManagement.Interfaces\Microsoft.ApplicationBlocks.ExceptionManagement.Interfaces.csproj", "{5F25F8C2-DA02-46C6-A6CA-01E719EAD35D}"
EndProject
Global
	GlobalSection(SolutionConfiguration) = preSolution
		ConfigName.0 = Debug
		ConfigName.1 = Release
	EndGlobalSection
	GlobalSection(ProjectDependencies) = postSolution
	EndGlobalSection
	GlobalSection(ProjectConfiguration) = postSolution
		{386CBF50-F4A9-4F05-98CB-B387D2D8F357}.Debug.ActiveCfg = Debug|.NET
		{386CBF50-F4A9-4F05-98CB-B387D2D8F357}.Debug.Build.0 = Debug|.NET
		{386CBF50-F4A9-4F05-98CB-B387D2D8F357}.Release.ActiveCfg = Release|.NET
		{386CBF50-F4A9-4F05-98CB-B387D2D8F357}.Release.Build.0 = Release|.NET
		{5F25F8C2-DA02-46C6-A6CA-01E719EAD35D}.Debug.ActiveCfg = Debug|.NET
		{5F25F8C2-DA02-46C6-A6CA-01E719EAD35D}.Debug.Build.0 = Debug|.NET
		{5F25F8C2-DA02-46C6-A6CA-01E719EAD35D}.Release.ActiveCfg = Release|.NET
		{5F25F8C2-DA02-46C6-A6CA-01E719EAD35D}.Release.Build.0 = Release|.NET
	EndGlobalSection
	GlobalSection(ExtensibilityGlobals) = postSolution
	EndGlobalSection
	GlobalSection(ExtensibilityAddIns) = postSolution
	EndGlobalSection
EndGlobal
