Microsoft Visual Studio Solution File, Format Version 8.00
Project("{FAE04EC0-301F-11D3-BF4B-00C04F79EFBC}") = "ShortcutsEditor", "ShortcutsEditor.csproj", "{92152656-AAE2-4389-BC3C-EBF2F8D070BF}"
	ProjectSection(ProjectDependencies) = postProject
	EndProjectSection
EndProject
Global
	GlobalSection(SolutionConfiguration) = preSolution
		Debug = Debug
		Release = Release
	EndGlobalSection
	GlobalSection(ProjectConfiguration) = postSolution
		{92152656-AAE2-4389-BC3C-EBF2F8D070BF}.Debug.ActiveCfg = Debug|.NET
		{92152656-AAE2-4389-BC3C-EBF2F8D070BF}.Debug.Build.0 = Debug|.NET
		{92152656-AAE2-4389-BC3C-EBF2F8D070BF}.Release.ActiveCfg = Release|.NET
		{92152656-AAE2-4389-BC3C-EBF2F8D070BF}.Release.Build.0 = Release|.NET
	EndGlobalSection
	GlobalSection(ExtensibilityGlobals) = postSolution
	EndGlobalSection
	GlobalSection(ExtensibilityAddIns) = postSolution
	EndGlobalSection
EndGlobal
