
Microsoft Visual Studio Solution File, Format Version 10.00
# Visual Studio 2008
Project("{FAE04EC0-301F-11D3-BF4B-00C04F79EFBC}") = "RssBandit2", "RssBandit2\RssBandit2.csproj", "{B6C0EFD8-5ACA-4827-B6F1-74018CC8130A}"
EndProject
Global
	GlobalSection(SolutionConfigurationPlatforms) = preSolution
		Debug|Any CPU = Debug|Any CPU
		Release|Any CPU = Release|Any CPU
	EndGlobalSection
	GlobalSection(ProjectConfigurationPlatforms) = postSolution
		{B6C0EFD8-5ACA-4827-B6F1-74018CC8130A}.Debug|Any CPU.ActiveCfg = Debug|Any CPU
		{B6C0EFD8-5ACA-4827-B6F1-74018CC8130A}.Debug|Any CPU.Build.0 = Debug|Any CPU
		{B6C0EFD8-5ACA-4827-B6F1-74018CC8130A}.Release|Any CPU.ActiveCfg = Release|Any CPU
		{B6C0EFD8-5ACA-4827-B6F1-74018CC8130A}.Release|Any CPU.Build.0 = Release|Any CPU
	EndGlobalSection
	GlobalSection(SolutionProperties) = preSolution
		HideSolutionNode = FALSE
	EndGlobalSection
EndGlobal
