Microsoft Visual Studio Solution File, Format Version 8.00
Project("{FAE04EC0-301F-11D3-BF4B-00C04F79EFBC}") = "BlogThis.LiveWriter", "BlogThis.LiveWriter.csproj", "{7ADBA6AC-5A31-42C4-BADC-477DADDA624B}"
	ProjectSection(ProjectDependencies) = postProject
	EndProjectSection
EndProject
Global
	GlobalSection(SolutionConfiguration) = preSolution
		Debug = Debug
		Release = Release
	EndGlobalSection
	GlobalSection(ProjectDependencies) = postSolution
	EndGlobalSection
	GlobalSection(ProjectConfiguration) = postSolution
		{7ADBA6AC-5A31-42C4-BADC-477DADDA624B}.Debug.ActiveCfg = Debug|.NET
		{7ADBA6AC-5A31-42C4-BADC-477DADDA624B}.Debug.Build.0 = Debug|.NET
		{7ADBA6AC-5A31-42C4-BADC-477DADDA624B}.Release.ActiveCfg = Release|.NET
		{7ADBA6AC-5A31-42C4-BADC-477DADDA624B}.Release.Build.0 = Release|.NET
	EndGlobalSection
	GlobalSection(ExtensibilityGlobals) = postSolution
	EndGlobalSection
	GlobalSection(ExtensibilityAddIns) = postSolution
	EndGlobalSection
EndGlobal
