Microsoft Visual Studio Solution File, Format Version 9.00
# Visual Studio 2005
Project("{54435603-DBB4-11D2-8724-00A0C9A8B90C}") = "RssBandit Installer", "RssBandit Installer.vdproj", "{EE8098C6-3B18-4AF6-8C54-BF777020D4B7}"
EndProject
Global
	GlobalSection(SolutionConfigurationPlatforms) = preSolution
		Debug|Default = Debug|Default
		Release|Default = Release|Default
	EndGlobalSection
	GlobalSection(ProjectConfigurationPlatforms) = postSolution
		{EE8098C6-3B18-4AF6-8C54-BF777020D4B7}.Debug|Default.ActiveCfg = Debug
		{EE8098C6-3B18-4AF6-8C54-BF777020D4B7}.Debug|Default.Build.0 = Debug
		{EE8098C6-3B18-4AF6-8C54-BF777020D4B7}.Release|Default.ActiveCfg = Release
		{EE8098C6-3B18-4AF6-8C54-BF777020D4B7}.Release|Default.Build.0 = Release
	EndGlobalSection
	GlobalSection(SolutionProperties) = preSolution
		HideSolutionNode = FALSE
	EndGlobalSection
EndGlobal
