Microsoft Visual Studio Solution File, Format Version 9.00
# Visual Studio 2005
Project("{FAE04EC0-301F-11D3-BF4B-00C04F79EFBC}") = "IEControl", "IEControl\IEControl.csproj", "{F42F07F7-7CC9-4347-BF15-092A09BA0B31}"
EndProject
Project("{FAE04EC0-301F-11D3-BF4B-00C04F79EFBC}") = "Test", "Test_IEControl\Test.csproj", "{601AB855-725C-4CF2-80D1-056A7B4EDAE8}"
EndProject
Global
	GlobalSection(SolutionConfigurationPlatforms) = preSolution
		Debug|Any CPU = Debug|Any CPU
		Release|Any CPU = Release|Any CPU
	EndGlobalSection
	GlobalSection(ProjectConfigurationPlatforms) = postSolution
		{F42F07F7-7CC9-4347-BF15-092A09BA0B31}.Debug|Any CPU.ActiveCfg = Debug|Any CPU
		{F42F07F7-7CC9-4347-BF15-092A09BA0B31}.Debug|Any CPU.Build.0 = Debug|Any CPU
		{F42F07F7-7CC9-4347-BF15-092A09BA0B31}.Release|Any CPU.ActiveCfg = Release|Any CPU
		{F42F07F7-7CC9-4347-BF15-092A09BA0B31}.Release|Any CPU.Build.0 = Release|Any CPU
		{601AB855-725C-4CF2-80D1-056A7B4EDAE8}.Debug|Any CPU.ActiveCfg = Debug|Any CPU
		{601AB855-725C-4CF2-80D1-056A7B4EDAE8}.Release|Any CPU.ActiveCfg = Release|Any CPU
	EndGlobalSection
	GlobalSection(SolutionProperties) = preSolution
		HideSolutionNode = FALSE
	EndGlobalSection
EndGlobal
