
Microsoft Visual Studio Solution File, Format Version 10.00
# Visual Studio 2008
Project("{FAE04EC0-301F-11D3-BF4B-00C04F79EFBC}") = "AdsBlocker2.AddIn", "AdsBlocker\AdsBlocker2.AddIn.csproj", "{E0DCA353-A72C-467F-AEB6-E81230185475}"
EndProject
Global
	GlobalSection(SolutionConfigurationPlatforms) = preSolution
		Debug2|Any CPU = Debug2|Any CPU
		Release2|Any CPU = Release2|Any CPU
	EndGlobalSection
	GlobalSection(ProjectConfigurationPlatforms) = postSolution
		{E0DCA353-A72C-467F-AEB6-E81230185475}.Debug2|Any CPU.ActiveCfg = Release|Any CPU
		{E0DCA353-A72C-467F-AEB6-E81230185475}.Debug2|Any CPU.Build.0 = Release|Any CPU
		{E0DCA353-A72C-467F-AEB6-E81230185475}.Release2|Any CPU.ActiveCfg = Release|Any CPU
		{E0DCA353-A72C-467F-AEB6-E81230185475}.Release2|Any CPU.Build.0 = Release|Any CPU
	EndGlobalSection
	GlobalSection(SolutionProperties) = preSolution
		HideSolutionNode = FALSE
	EndGlobalSection
EndGlobal
