
Microsoft Visual Studio Solution File, Format Version 10.00
# Visual Studio 2008
Project("{FAE04EC0-301F-11D3-BF4B-00C04F79EFBC}") = "ParallelTasks", "ParallelTasks\ParallelTasks.csproj", "{34BC3661-630C-4704-9C35-5B4F674A033C}"
EndProject
Global
	GlobalSection(SolutionConfigurationPlatforms) = preSolution
		Debug|Any CPU = Debug|Any CPU
		Release|Any CPU = Release|Any CPU
	EndGlobalSection
	GlobalSection(ProjectConfigurationPlatforms) = postSolution
		{34BC3661-630C-4704-9C35-5B4F674A033C}.Debug|Any CPU.ActiveCfg = Debug|Any CPU
		{34BC3661-630C-4704-9C35-5B4F674A033C}.Debug|Any CPU.Build.0 = Debug|Any CPU
		{34BC3661-630C-4704-9C35-5B4F674A033C}.Release|Any CPU.ActiveCfg = Release|Any CPU
		{34BC3661-630C-4704-9C35-5B4F674A033C}.Release|Any CPU.Build.0 = Release|Any CPU
	EndGlobalSection
	GlobalSection(SolutionProperties) = preSolution
		HideSolutionNode = FALSE
	EndGlobalSection
EndGlobal
