Microsoft Visual Studio Solution File, Format Version 10.00
# Visual Studio 2008
Project("{FAE04EC0-301F-11D3-BF4B-00C04F79EFBC}") = "RssBandit", "RssBandit\RssBandit.csproj", "{68909A87-203D-4DF1-84F9-151EBE7CA15C}"
	ProjectSection(ProjectDependencies) = postProject
		{9FE2BCC6-DEF9-478B-8A1C-B31836EE6BE4} = {9FE2BCC6-DEF9-478B-8A1C-B31836EE6BE4}
	EndProjectSection
EndProject
Project("{FAE04EC0-301F-11D3-BF4B-00C04F79EFBC}") = "NewsComponents", "NewsComponents\NewsComponents.csproj", "{9FE2BCC6-DEF9-478B-8A1C-B31836EE6BE4}"
EndProject
Project("{FAE04EC0-301F-11D3-BF4B-00C04F79EFBC}") = "RssBandit.AppServices", "RssBandit.AppServices\RssBandit.AppServices.csproj", "{5C79195B-AD8E-45B7-B405-AD32E6BF55B0}"
EndProject
Global
	GlobalSection(SolutionConfigurationPlatforms) = preSolution
		Debug|x86 = Debug|x86
		Release|x86 = Release|x86
	EndGlobalSection
	GlobalSection(ProjectConfigurationPlatforms) = postSolution
		{68909A87-203D-4DF1-84F9-151EBE7CA15C}.Debug|x86.ActiveCfg = Debug|x86
		{68909A87-203D-4DF1-84F9-151EBE7CA15C}.Debug|x86.Build.0 = Debug|x86
		{68909A87-203D-4DF1-84F9-151EBE7CA15C}.Release|x86.ActiveCfg = Release|x86
		{68909A87-203D-4DF1-84F9-151EBE7CA15C}.Release|x86.Build.0 = Release|x86
		{9FE2BCC6-DEF9-478B-8A1C-B31836EE6BE4}.Debug|x86.ActiveCfg = Debug|Any CPU
		{9FE2BCC6-DEF9-478B-8A1C-B31836EE6BE4}.Debug|x86.Build.0 = Debug|Any CPU
		{9FE2BCC6-DEF9-478B-8A1C-B31836EE6BE4}.Release|x86.ActiveCfg = Release|x86
		{9FE2BCC6-DEF9-478B-8A1C-B31836EE6BE4}.Release|x86.Build.0 = Release|x86
		{5C79195B-AD8E-45B7-B405-AD32E6BF55B0}.Debug|x86.ActiveCfg = Debug|Any CPU
		{5C79195B-AD8E-45B7-B405-AD32E6BF55B0}.Debug|x86.Build.0 = Debug|Any CPU
		{5C79195B-AD8E-45B7-B405-AD32E6BF55B0}.Release|x86.ActiveCfg = Release|x86
		{5C79195B-AD8E-45B7-B405-AD32E6BF55B0}.Release|x86.Build.0 = Release|x86
	EndGlobalSection
	GlobalSection(SolutionProperties) = preSolution
		HideSolutionNode = FALSE
	EndGlobalSection
EndGlobal
