Microsoft Visual Studio Solution File, Format Version 12.00
# Visual Studio 15
VisualStudioVersion = 15.0.26906.1
MinimumVisualStudioVersion = 10.0.40219.1
Project("{FAE04EC0-301F-11D3-BF4B-00C04F79EFBC}") = "RssBandit", "RssBandit\RssBandit.csproj", "{68909A87-203D-4DF1-84F9-151EBE7CA15C}"
	ProjectSection(ProjectDependencies) = postProject
		{9FE2BCC6-DEF9-478B-8A1C-B31836EE6BE4} = {9FE2BCC6-DEF9-478B-8A1C-B31836EE6BE4}
	EndProjectSection
EndProject
Project("{9A19103F-16F7-4668-BE54-9A1E7A4F7556}") = "NewsComponents", "NewsComponents\NewsComponents.csproj", "{9FE2BCC6-DEF9-478B-8A1C-B31836EE6BE4}"
EndProject
Project("{9A19103F-16F7-4668-BE54-9A1E7A4F7556}") = "RssBandit.AppServices", "RssBandit.AppServices\RssBandit.AppServices.csproj", "{5C79195B-AD8E-45B7-B405-AD32E6BF55B0}"
EndProject
Project("{FAE04EC0-301F-11D3-BF4B-00C04F79EFBC}") = "IEControl", "ChildProjects\IEControl\IEControl.csproj", "{F42F07F7-7CC9-4347-BF15-092A09BA0B31}"
EndProject
Project("{FAE04EC0-301F-11D3-BF4B-00C04F79EFBC}") = "NewsComponents.UnitTests", "NewsComponents.UnitTests\NewsComponents.UnitTests.csproj", "{CF51024A-DEA3-4D04-9D84-6CC2A27C78B2}"
EndProject
Project("{C7167F0D-BC9F-4E6E-AFE1-012C56B48DB5}") = "RssBandit.Package", "RssBandit.Package\RssBandit.Package.wapproj", "{2C347273-6A74-43A2-A75A-FD4BC52F5938}"
EndProject
Project("{2150E333-8FDC-42A3-9474-1A3956D46DE8}") = "Solution Items", "Solution Items", "{3D079460-ACC0-4097-84C7-153D3598DDF4}"
	ProjectSection(SolutionItems) = preProject
		.editorconfig = .editorconfig
		..\.vsts.ci.yml = ..\.vsts.ci.yml
		Directory.Build.props = Directory.Build.props
		..\version.json = ..\version.json
	EndProjectSection
EndProject
Project("{C7167F0D-BC9F-4E6E-AFE1-012C56B48DB5}") = "RssBandit.CI.Package", "RssBandit.CI.Package\RssBandit.CI.Package.wapproj", "{8922AF5D-4740-4A06-8B4C-A3ECF306AA1C}"
EndProject
Global
	GlobalSection(SolutionConfigurationPlatforms) = preSolution
		Debug|x64 = Debug|x64
		Debug|x86 = Debug|x86
		Debug-AltPath|x64 = Debug-AltPath|x64
		Debug-AltPath|x86 = Debug-AltPath|x86
		Release|x64 = Release|x64
		Release|x86 = Release|x86
	EndGlobalSection
	GlobalSection(ProjectConfigurationPlatforms) = postSolution
		{68909A87-203D-4DF1-84F9-151EBE7CA15C}.Debug|x64.ActiveCfg = Debug|x86
		{68909A87-203D-4DF1-84F9-151EBE7CA15C}.Debug|x86.ActiveCfg = Debug|x86
		{68909A87-203D-4DF1-84F9-151EBE7CA15C}.Debug|x86.Build.0 = Debug|x86
		{68909A87-203D-4DF1-84F9-151EBE7CA15C}.Release|x64.ActiveCfg = Release|x86
		{68909A87-203D-4DF1-84F9-151EBE7CA15C}.Debug|x64.ActiveCfg = Debug|x64
		{68909A87-203D-4DF1-84F9-151EBE7CA15C}.Debug|x64.Build.0 = Debug|x64
		{68909A87-203D-4DF1-84F9-151EBE7CA15C}.Debug|x86.ActiveCfg = Debug|x86
		{68909A87-203D-4DF1-84F9-151EBE7CA15C}.Debug|x86.Build.0 = Debug|x86
		{68909A87-203D-4DF1-84F9-151EBE7CA15C}.Debug-AltPath|x64.ActiveCfg = Debug-AltPath|x64
		{68909A87-203D-4DF1-84F9-151EBE7CA15C}.Debug-AltPath|x64.Build.0 = Debug-AltPath|x64
		{68909A87-203D-4DF1-84F9-151EBE7CA15C}.Debug-AltPath|x86.ActiveCfg = Debug-AltPath|x86
		{68909A87-203D-4DF1-84F9-151EBE7CA15C}.Debug-AltPath|x86.Build.0 = Debug-AltPath|x86
		{68909A87-203D-4DF1-84F9-151EBE7CA15C}.Release|x64.ActiveCfg = Release|x64
		{68909A87-203D-4DF1-84F9-151EBE7CA15C}.Release|x64.Build.0 = Release|x64
		{68909A87-203D-4DF1-84F9-151EBE7CA15C}.Release|x86.ActiveCfg = Release|x86
		{68909A87-203D-4DF1-84F9-151EBE7CA15C}.Release|x86.Build.0 = Release|x86
		{9FE2BCC6-DEF9-478B-8A1C-B31836EE6BE4}.Debug|x64.ActiveCfg = Debug|Any CPU
		{9FE2BCC6-DEF9-478B-8A1C-B31836EE6BE4}.Debug|x64.Build.0 = Debug|Any CPU
		{9FE2BCC6-DEF9-478B-8A1C-B31836EE6BE4}.Debug|x86.ActiveCfg = Debug|Any CPU
		{9FE2BCC6-DEF9-478B-8A1C-B31836EE6BE4}.Debug|x86.Build.0 = Debug|Any CPU
		{9FE2BCC6-DEF9-478B-8A1C-B31836EE6BE4}.Debug-AltPath|x64.ActiveCfg = Debug|Any CPU
		{9FE2BCC6-DEF9-478B-8A1C-B31836EE6BE4}.Debug-AltPath|x64.Build.0 = Debug|Any CPU
		{9FE2BCC6-DEF9-478B-8A1C-B31836EE6BE4}.Debug-AltPath|x86.ActiveCfg = Debug|Any CPU
		{9FE2BCC6-DEF9-478B-8A1C-B31836EE6BE4}.Debug-AltPath|x86.Build.0 = Debug|Any CPU
		{9FE2BCC6-DEF9-478B-8A1C-B31836EE6BE4}.Release|x64.ActiveCfg = Release|Any CPU
		{9FE2BCC6-DEF9-478B-8A1C-B31836EE6BE4}.Release|x64.Build.0 = Release|Any CPU
		{9FE2BCC6-DEF9-478B-8A1C-B31836EE6BE4}.Release|x86.ActiveCfg = Release|Any CPU
		{9FE2BCC6-DEF9-478B-8A1C-B31836EE6BE4}.Release|x86.Build.0 = Release|Any CPU
		{5C79195B-AD8E-45B7-B405-AD32E6BF55B0}.Debug|x64.ActiveCfg = Debug|Any CPU
		{5C79195B-AD8E-45B7-B405-AD32E6BF55B0}.Debug|x64.Build.0 = Debug|Any CPU
		{5C79195B-AD8E-45B7-B405-AD32E6BF55B0}.Debug|x86.ActiveCfg = Debug|Any CPU
		{5C79195B-AD8E-45B7-B405-AD32E6BF55B0}.Debug|x86.Build.0 = Debug|Any CPU
		{5C79195B-AD8E-45B7-B405-AD32E6BF55B0}.Debug-AltPath|x64.ActiveCfg = Debug|Any CPU
		{5C79195B-AD8E-45B7-B405-AD32E6BF55B0}.Debug-AltPath|x64.Build.0 = Debug|Any CPU
		{5C79195B-AD8E-45B7-B405-AD32E6BF55B0}.Debug-AltPath|x86.ActiveCfg = Debug|Any CPU
		{5C79195B-AD8E-45B7-B405-AD32E6BF55B0}.Debug-AltPath|x86.Build.0 = Debug|Any CPU
		{5C79195B-AD8E-45B7-B405-AD32E6BF55B0}.Release|x64.ActiveCfg = Release|Any CPU
		{5C79195B-AD8E-45B7-B405-AD32E6BF55B0}.Release|x64.Build.0 = Release|Any CPU
		{5C79195B-AD8E-45B7-B405-AD32E6BF55B0}.Release|x86.ActiveCfg = Release|Any CPU
		{5C79195B-AD8E-45B7-B405-AD32E6BF55B0}.Release|x86.Build.0 = Release|Any CPU
		{F42F07F7-7CC9-4347-BF15-092A09BA0B31}.Debug|x64.ActiveCfg = Debug|Any CPU
		{F42F07F7-7CC9-4347-BF15-092A09BA0B31}.Debug|x64.Build.0 = Debug|Any CPU
		{F42F07F7-7CC9-4347-BF15-092A09BA0B31}.Debug|x86.ActiveCfg = Debug|Any CPU
		{F42F07F7-7CC9-4347-BF15-092A09BA0B31}.Debug|x86.Build.0 = Debug|Any CPU
		{F42F07F7-7CC9-4347-BF15-092A09BA0B31}.Debug-AltPath|x64.ActiveCfg = Debug|Any CPU
		{F42F07F7-7CC9-4347-BF15-092A09BA0B31}.Debug-AltPath|x64.Build.0 = Debug|Any CPU
		{F42F07F7-7CC9-4347-BF15-092A09BA0B31}.Debug-AltPath|x86.ActiveCfg = Debug|Any CPU
		{F42F07F7-7CC9-4347-BF15-092A09BA0B31}.Debug-AltPath|x86.Build.0 = Debug|Any CPU
		{F42F07F7-7CC9-4347-BF15-092A09BA0B31}.Release|x64.ActiveCfg = Release|Any CPU
		{F42F07F7-7CC9-4347-BF15-092A09BA0B31}.Release|x64.Build.0 = Release|Any CPU
		{F42F07F7-7CC9-4347-BF15-092A09BA0B31}.Release|x86.ActiveCfg = Release|Any CPU
		{F42F07F7-7CC9-4347-BF15-092A09BA0B31}.Release|x86.Build.0 = Release|Any CPU
		{CF51024A-DEA3-4D04-9D84-6CC2A27C78B2}.Debug|x64.ActiveCfg = Debug|Any CPU
		{CF51024A-DEA3-4D04-9D84-6CC2A27C78B2}.Debug|x64.Build.0 = Debug|Any CPU
		{CF51024A-DEA3-4D04-9D84-6CC2A27C78B2}.Debug|x86.ActiveCfg = Debug|Any CPU
		{CF51024A-DEA3-4D04-9D84-6CC2A27C78B2}.Debug|x86.Build.0 = Debug|Any CPU
		{CF51024A-DEA3-4D04-9D84-6CC2A27C78B2}.Debug-AltPath|x64.ActiveCfg = Debug|Any CPU
		{CF51024A-DEA3-4D04-9D84-6CC2A27C78B2}.Debug-AltPath|x64.Build.0 = Debug|Any CPU
		{CF51024A-DEA3-4D04-9D84-6CC2A27C78B2}.Debug-AltPath|x86.ActiveCfg = Debug|Any CPU
		{CF51024A-DEA3-4D04-9D84-6CC2A27C78B2}.Debug-AltPath|x86.Build.0 = Debug|Any CPU
		{CF51024A-DEA3-4D04-9D84-6CC2A27C78B2}.Release|x64.ActiveCfg = Release|Any CPU
		{CF51024A-DEA3-4D04-9D84-6CC2A27C78B2}.Release|x64.Build.0 = Release|Any CPU
		{CF51024A-DEA3-4D04-9D84-6CC2A27C78B2}.Release|x86.ActiveCfg = Release|Any CPU
		{CF51024A-DEA3-4D04-9D84-6CC2A27C78B2}.Release|x86.Build.0 = Release|Any CPU
		{2C347273-6A74-43A2-A75A-FD4BC52F5938}.Debug|x64.ActiveCfg = Debug|x64
		{2C347273-6A74-43A2-A75A-FD4BC52F5938}.Debug|x64.Build.0 = Debug|x64
		{2C347273-6A74-43A2-A75A-FD4BC52F5938}.Debug|x64.Deploy.0 = Debug|x64
		{2C347273-6A74-43A2-A75A-FD4BC52F5938}.Debug|x86.ActiveCfg = Debug|x86
		{2C347273-6A74-43A2-A75A-FD4BC52F5938}.Debug|x86.Build.0 = Debug|x86
		{2C347273-6A74-43A2-A75A-FD4BC52F5938}.Debug|x86.Deploy.0 = Debug|x86
		{2C347273-6A74-43A2-A75A-FD4BC52F5938}.Debug-AltPath|x64.ActiveCfg = Debug|x64
		{2C347273-6A74-43A2-A75A-FD4BC52F5938}.Debug-AltPath|x64.Build.0 = Debug|x64
		{2C347273-6A74-43A2-A75A-FD4BC52F5938}.Debug-AltPath|x64.Deploy.0 = Debug|x64
		{2C347273-6A74-43A2-A75A-FD4BC52F5938}.Debug-AltPath|x86.ActiveCfg = Debug|x86
		{2C347273-6A74-43A2-A75A-FD4BC52F5938}.Debug-AltPath|x86.Build.0 = Debug|x86
		{2C347273-6A74-43A2-A75A-FD4BC52F5938}.Debug-AltPath|x86.Deploy.0 = Debug|x86
		{2C347273-6A74-43A2-A75A-FD4BC52F5938}.Release|x64.ActiveCfg = Release|x64
		{2C347273-6A74-43A2-A75A-FD4BC52F5938}.Release|x64.Build.0 = Release|x64
		{2C347273-6A74-43A2-A75A-FD4BC52F5938}.Release|x64.Deploy.0 = Release|x64
		{2C347273-6A74-43A2-A75A-FD4BC52F5938}.Release|x86.ActiveCfg = Release|x86
		{2C347273-6A74-43A2-A75A-FD4BC52F5938}.Release|x86.Build.0 = Release|x86
		{2C347273-6A74-43A2-A75A-FD4BC52F5938}.Release|x86.Deploy.0 = Release|x86
		{8922AF5D-4740-4A06-8B4C-A3ECF306AA1C}.Debug|x64.ActiveCfg = Debug|x64
		{8922AF5D-4740-4A06-8B4C-A3ECF306AA1C}.Debug|x64.Build.0 = Debug|x64
		{8922AF5D-4740-4A06-8B4C-A3ECF306AA1C}.Debug|x64.Deploy.0 = Debug|x64
		{8922AF5D-4740-4A06-8B4C-A3ECF306AA1C}.Debug|x86.ActiveCfg = Debug|x86
		{8922AF5D-4740-4A06-8B4C-A3ECF306AA1C}.Debug|x86.Build.0 = Debug|x86
		{8922AF5D-4740-4A06-8B4C-A3ECF306AA1C}.Debug|x86.Deploy.0 = Debug|x86
		{8922AF5D-4740-4A06-8B4C-A3ECF306AA1C}.Debug-AltPath|x64.ActiveCfg = Debug|x64
		{8922AF5D-4740-4A06-8B4C-A3ECF306AA1C}.Debug-AltPath|x64.Build.0 = Debug|x64
		{8922AF5D-4740-4A06-8B4C-A3ECF306AA1C}.Debug-AltPath|x64.Deploy.0 = Debug|x64
		{8922AF5D-4740-4A06-8B4C-A3ECF306AA1C}.Debug-AltPath|x86.ActiveCfg = Debug|x86
		{8922AF5D-4740-4A06-8B4C-A3ECF306AA1C}.Debug-AltPath|x86.Build.0 = Debug|x86
		{8922AF5D-4740-4A06-8B4C-A3ECF306AA1C}.Debug-AltPath|x86.Deploy.0 = Debug|x86
		{8922AF5D-4740-4A06-8B4C-A3ECF306AA1C}.Release|x64.ActiveCfg = Release|x64
		{8922AF5D-4740-4A06-8B4C-A3ECF306AA1C}.Release|x64.Build.0 = Release|x64
		{8922AF5D-4740-4A06-8B4C-A3ECF306AA1C}.Release|x64.Deploy.0 = Release|x64
		{8922AF5D-4740-4A06-8B4C-A3ECF306AA1C}.Release|x86.ActiveCfg = Release|x86
		{8922AF5D-4740-4A06-8B4C-A3ECF306AA1C}.Release|x86.Build.0 = Release|x86
		{8922AF5D-4740-4A06-8B4C-A3ECF306AA1C}.Release|x86.Deploy.0 = Release|x86
	EndGlobalSection
	GlobalSection(SolutionProperties) = preSolution
		HideSolutionNode = FALSE
	EndGlobalSection
	GlobalSection(ExtensibilityGlobals) = postSolution
		SolutionGuid = {54259310-B408-4313-90B8-61236B01E986}
	EndGlobalSection
EndGlobal
